<Solution>
  <Folder Name="/src/">
    <Project Path="src/AiInterviewer.Adapters/AiInterviewer.Adapters.csproj" />
    <Project Path="src/AiInterviewer.Api/AiInterviewer.Api.csproj" />
    <Project Path="src/AiInterviewer.Business/AiInterviewer.Business.csproj" />
  </Folder>
  <Folder Name="/tests/">
    <Project Path="tests/AiInterviewer.Api.Tests/AiInterviewer.Api.Tests.csproj" />
    <Project Path="tests/AiInterviewer.Business.Tests/AiInterviewer.Business.Tests.csproj" />
  </Folder>
</Solution>
